
Microsoft Visual Studio Solution File, Format Version 12.00
# Visual Studio Version 17
VisualStudioVersion = 17.11.35303.130
MinimumVisualStudioVersion = 10.0.40219.1
Project("{FAE04EC0-301F-11D3-BF4B-00C04F79EFBC}") = "Password Encrypter", "Password Encrypter\Password Encrypter.csproj", "{BA16D130-C812-4EF3-85FB-0E35821C943B}"
EndProject
Global
	GlobalSection(SolutionConfigurationPlatforms) = preSolution
		Debug|Any CPU = Debug|Any CPU
		Release|Any CPU = Release|Any CPU
	EndGlobalSection
	GlobalSection(ProjectConfigurationPlatforms) = postSolution
		{BA16D130-C812-4EF3-85FB-0E35821C943B}.Debug|Any CPU.ActiveCfg = Debug|Any CPU
		{BA16D130-C812-4EF3-85FB-0E35821C943B}.Debug|Any CPU.Build.0 = Debug|Any CPU
		{BA16D130-C812-4EF3-85FB-0E35821C943B}.Release|Any CPU.ActiveCfg = Release|Any CPU
		{BA16D130-C812-4EF3-85FB-0E35821C943B}.Release|Any CPU.Build.0 = Release|Any CPU
	EndGlobalSection
	GlobalSection(SolutionProperties) = preSolution
		HideSolutionNode = FALSE
	EndGlobalSection
	GlobalSection(ExtensibilityGlobals) = postSolution
		SolutionGuid = {5031B4EE-4A25-4FDB-946B-F2E90677E91F}
	EndGlobalSection
EndGlobal
